{
  "name": "miniprogram",
  "version": "1.0.0",
  "lockfileVersion": 1,
  "requires": true,
  "dependencies": {
    "@vant/weapp": {
      "version": "1.5.0",
      "resolved": "https://registry.npmjs.org/@vant/weapp/-/weapp-1.5.0.tgz",
      "integrity": "sha512-4hBH8U3/GQID+N1fV0m4dTbVR0R0iN06Zr2Xd9XFI2MvYXqtAWCrPkJ5umLxFF1MpZjlS/20V50MsGICgwZBug=="
    },
    "docxtemplater": {
      "version": "3.19.3",
      "resolved": "https://registry.npmjs.org/docxtemplater/-/docxtemplater-3.19.3.tgz",
      "integrity": "sha512-4kDFv1CMCOzRxKNmNDZwhUXXfoGi2Y6AWIIUBtDdz0bXWmzAT1yZJ+x7EGG2J+kz9dk/1mZR1wT4oMkOFPWORw==",
      "requires": {
        "xmldom": "^0.3.0"
      }
    },
    "xmldom": {
      "version": "0.3.0",
      "resolved": "https://registry.npmjs.org/xmldom/-/xmldom-0.3.0.tgz",
      "integrity": "sha512-z9s6k3wxE+aZHgXYxSTpGDo7BYOUfJsIRyoZiX6HTjwpwfS2wpQBQKa2fD+ShLyPkqDYo5ud7KitmLZ2Cd6r0g=="
    }
  }
}
